Microsoft Visual Studio Solution File, Format Version 12.00
# Visual Studio Version 17
VisualStudioVersion = 17.5.2.0
MinimumVisualStudioVersion = 10.0.40219.1
Project("{FAE04EC0-301F-11D3-BF4B-00C04F79EFBC}") = "2526-E-D-DATOS-LADY-RODRIGUEZ-", "SEMANA 2 - PRIMITIVO\2526-E-D-DATOS-LADY-RODRIGUEZ-.csproj", "{6AD18946-39CE-0C83-3784-D154A2CC25A7}"
EndProject
Global
	GlobalSection(SolutionConfigurationPlatforms) = preSolution
		Debug|Any CPU = Debug|Any CPU
		Release|Any CPU = Release|Any CPU
	EndGlobalSection
	GlobalSection(ProjectConfigurationPlatforms) = postSolution
		{6AD18946-39CE-0C83-3784-D154A2CC25A7}.Debug|Any CPU.ActiveCfg = Debug|Any CPU
		{6AD18946-39CE-0C83-3784-D154A2CC25A7}.Debug|Any CPU.Build.0 = Debug|Any CPU
		{6AD18946-39CE-0C83-3784-D154A2CC25A7}.Release|Any CPU.ActiveCfg = Release|Any CPU
		{6AD18946-39CE-0C83-3784-D154A2CC25A7}.Release|Any CPU.Build.0 = Release|Any CPU
	EndGlobalSection
	GlobalSection(SolutionProperties) = preSolution
		HideSolutionNode = FALSE
	EndGlobalSection
	GlobalSection(ExtensibilityGlobals) = postSolution
		SolutionGuid = {DF229D74-7595-46C2-A8B6-234FA9A5815F}
	EndGlobalSection
EndGlobal
